
Microsoft Visual Studio Solution File, Format Version 12.00
# RemObjects Fire
Project("{656346D9-4656-40DA-A068-22D5425D4639}") = "NancyOwinConsoleApplication", "NancyOwinConsoleApplication.elements", "{00A6C63A-0E3D-4A42-A7A6-728295166D71}"
EndProject
Global
	GlobalSection(SolutionConfigurationPlatforms) = preSolution
		Debug|AnyCPU = Debug|AnyCPU
		Release|AnyCPU = Release|AnyCPU
	EndGlobalSection
	GlobalSection(ProjectConfigurationPlatforms) = postSolution
		{00A6C63A-0E3D-4A42-A7A6-728295166D71}.Debug|AnyCPU.ActiveCfg = Debug|AnyCPU
		{00A6C63A-0E3D-4A42-A7A6-728295166D71}.Debug|AnyCPU.Build.0 = Debug|AnyCPU
		{00A6C63A-0E3D-4A42-A7A6-728295166D71}.Release|AnyCPU.ActiveCfg = Release|AnyCPU
		{00A6C63A-0E3D-4A42-A7A6-728295166D71}.Release|AnyCPU.Build.0 = Release|AnyCPU
	EndGlobalSection
	GlobalSection(SolutionProperties) = preSolution
		HideSolutionNode = FALSE
	EndGlobalSection
EndGlobal